
Microsoft Visual Studio Solution File, Format Version 12.00
# Visual Studio 15
VisualStudioVersion = 15.0.28307.902
MinimumVisualStudioVersion = 10.0.40219.1
Project("{8BC9CEB8-8B4A-11D0-8D11-00A0C91BC942}") = "moed_bet_inn", "moed_bet_inn\moed_bet_inn.vcxproj", "{A423AC0E-F807-4DD9-97CE-47657B9A74AF}"
EndProject
Global
	GlobalSection(SolutionConfigurationPlatforms) = preSolution
		Debug|x64 = Debug|x64
		Debug|x86 = Debug|x86
		Release|x64 = Release|x64
		Release|x86 = Release|x86
	EndGlobalSection
	GlobalSection(ProjectConfigurationPlatforms) = postSolution
		{A423AC0E-F807-4DD9-97CE-47657B9A74AF}.Debug|x64.ActiveCfg = Debug|x64
		{A423AC0E-F807-4DD9-97CE-47657B9A74AF}.Debug|x64.Build.0 = Debug|x64
		{A423AC0E-F807-4DD9-97CE-47657B9A74AF}.Debug|x86.ActiveCfg = Debug|Win32
		{A423AC0E-F807-4DD9-97CE-47657B9A74AF}.Debug|x86.Build.0 = Debug|Win32
		{A423AC0E-F807-4DD9-97CE-47657B9A74AF}.Release|x64.ActiveCfg = Release|x64
		{A423AC0E-F807-4DD9-97CE-47657B9A74AF}.Release|x64.Build.0 = Release|x64
		{A423AC0E-F807-4DD9-97CE-47657B9A74AF}.Release|x86.ActiveCfg = Release|Win32
		{A423AC0E-F807-4DD9-97CE-47657B9A74AF}.Release|x86.Build.0 = Release|Win32
	EndGlobalSection
	GlobalSection(SolutionProperties) = preSolution
		HideSolutionNode = FALSE
	EndGlobalSection
	GlobalSection(ExtensibilityGlobals) = postSolution
		SolutionGuid = {22D71BAD-0F88-4D5B-833A-515897FA8DD4}
	EndGlobalSection
EndGlobal
